
Microsoft Visual Studio Solution File, Format Version 11.00
# Visual Studio 2010
Project("{FAE04EC0-301F-11D3-BF4B-00C04F79EFBC}") = "prj35347_Menus", "prj35347_Menus\prj35347_Menus.csproj", "{34FA7D30-6268-4440-B061-5B15A5302C85}"
EndProject
Global
	GlobalSection(SolutionConfigurationPlatforms) = preSolution
		Debug|x86 = Debug|x86
		Release|x86 = Release|x86
	EndGlobalSection
	GlobalSection(ProjectConfigurationPlatforms) = postSolution
		{34FA7D30-6268-4440-B061-5B15A5302C85}.Debug|x86.ActiveCfg = Debug|x86
		{34FA7D30-6268-4440-B061-5B15A5302C85}.Debug|x86.Build.0 = Debug|x86
		{34FA7D30-6268-4440-B061-5B15A5302C85}.Release|x86.ActiveCfg = Release|x86
		{34FA7D30-6268-4440-B061-5B15A5302C85}.Release|x86.Build.0 = Release|x86
	EndGlobalSection
	GlobalSection(SolutionProperties) = preSolution
		HideSolutionNode = FALSE
	EndGlobalSection
EndGlobal
